<Solution>
  <Folder Name="/src/">
    <Project Path="src/Herald.Sinks.Datadog/Herald.Sinks.Datadog.csproj" />
    <Project Path="src/Herald.Sinks.Debug/Herald.Sinks.Debug.csproj" />
    <Project Path="src/Herald.Sinks.Elasticsearch/Herald.Sinks.Elasticsearch.csproj" />
    <Project Path="src/Herald.Sinks.EventLog/Herald.Sinks.EventLog.csproj" />
    <Project Path="src/Herald.Sinks.GenericWebhook/Herald.Sinks.GenericWebhook.csproj" />
    <Project Path="src/Herald.Sinks.Honeycomb/Herald.Sinks.Honeycomb.csproj" />
    <Project Path="src/Herald.Sinks.HttpJson/Herald.Sinks.HttpJson.csproj" />
    <Project Path="src/Herald.Sinks.InMemory/Herald.Sinks.InMemory.csproj" />
    <Project Path="src/Herald.Sinks.Loki/Herald.Sinks.Loki.csproj" />
    <Project Path="src/Herald.Sinks.Otlp/Herald.Sinks.Otlp.csproj" />
    <Project Path="src/Herald.Sinks.PagerDuty/Herald.Sinks.PagerDuty.csproj" />
    <Project Path="src/Herald.Sinks.Sentry/Herald.Sinks.Sentry.csproj" />
    <Project Path="src/Herald.Sinks.Seq/Herald.Sinks.Seq.csproj" />
    <Project Path="src/Herald.Sinks.SignalFx/Herald.Sinks.SignalFx.csproj" />
    <Project Path="src/Herald.Sinks.Slack/Herald.Sinks.Slack.csproj" />
    <Project Path="src/Herald.Sinks.Splunk/Herald.Sinks.Splunk.csproj" />
    <Project Path="src/Herald.Sinks.Syslog/Herald.Sinks.Syslog.csproj" />
    <Project Path="src/Herald.Sinks.TcpJsonLine/Herald.Sinks.TcpJsonLine.csproj" />
    <Project Path="src/Herald.Sinks.TextWriter/Herald.Sinks.TextWriter.csproj" />
    <Project Path="src/Herald.Sinks.Trace/Herald.Sinks.Trace.csproj" />
    <Project Path="src/Herald.Sinks.UdpJsonLine/Herald.Sinks.UdpJsonLine.csproj" />
    <Project Path="src/Herald.Sinks.XUnit/Herald.Sinks.XUnit.csproj" />
  </Folder>
  <Folder Name="/meta/">
    <Project Path="meta/Herald.Business/Herald.Business.csproj" />
    <Project Path="meta/Herald.Game.Pro/Herald.Game.Pro.csproj" />
  </Folder>
  <Folder Name="/tests/">
    <Project Path="tests/Herald.Sinks.Datadog.Tests/Herald.Sinks.Datadog.Tests.csproj" />
    <Project Path="tests/Herald.Sinks.Debug.Tests/Herald.Sinks.Debug.Tests.csproj" />
    <Project Path="tests/Herald.Sinks.Elasticsearch.Tests/Herald.Sinks.Elasticsearch.Tests.csproj" />
    <Project Path="tests/Herald.Sinks.EventLog.Tests/Herald.Sinks.EventLog.Tests.csproj" />
    <Project Path="tests/Herald.Sinks.GenericWebhook.Tests/Herald.Sinks.GenericWebhook.Tests.csproj" />
    <Project Path="tests/Herald.Sinks.Honeycomb.Tests/Herald.Sinks.Honeycomb.Tests.csproj" />
    <Project Path="tests/Herald.Sinks.HttpJson.Tests/Herald.Sinks.HttpJson.Tests.csproj" />
    <Project Path="tests/Herald.Sinks.InMemory.Tests/Herald.Sinks.InMemory.Tests.csproj" />
    <Project Path="tests/Herald.Sinks.Loki.Tests/Herald.Sinks.Loki.Tests.csproj" />
    <Project Path="tests/Herald.Sinks.Otlp.Tests/Herald.Sinks.Otlp.Tests.csproj" />
    <Project Path="tests/Herald.Sinks.PagerDuty.Tests/Herald.Sinks.PagerDuty.Tests.csproj" />
    <Project Path="tests/Herald.Sinks.Sentry.Tests/Herald.Sinks.Sentry.Tests.csproj" />
    <Project Path="tests/Herald.Sinks.Seq.Tests/Herald.Sinks.Seq.Tests.csproj" />
    <Project Path="tests/Herald.Sinks.SignalFx.Tests/Herald.Sinks.SignalFx.Tests.csproj" />
    <Project Path="tests/Herald.Sinks.Slack.Tests/Herald.Sinks.Slack.Tests.csproj" />
    <Project Path="tests/Herald.Sinks.Splunk.Tests/Herald.Sinks.Splunk.Tests.csproj" />
    <Project Path="tests/Herald.Sinks.Syslog.Tests/Herald.Sinks.Syslog.Tests.csproj" />
    <Project Path="tests/Herald.Sinks.TcpJsonLine.Tests/Herald.Sinks.TcpJsonLine.Tests.csproj" />
    <Project Path="tests/Herald.Sinks.TextWriter.Tests/Herald.Sinks.TextWriter.Tests.csproj" />
    <Project Path="tests/Herald.Sinks.Trace.Tests/Herald.Sinks.Trace.Tests.csproj" />
    <Project Path="tests/Herald.Sinks.UdpJsonLine.Tests/Herald.Sinks.UdpJsonLine.Tests.csproj" />
    <Project Path="tests/Herald.Sinks.XUnit.Tests/Herald.Sinks.XUnit.Tests.csproj" />
  </Folder>
</Solution>
