<Solution>
  <Folder Name="/src/">
    <Project Path="src/Herald.Sinks.Aliyun/Herald.Sinks.Aliyun.csproj" />
    <Project Path="src/Herald.Sinks.AmazonS3/Herald.Sinks.AmazonS3.csproj" />
    <Project Path="src/Herald.Sinks.ApplicationInsights/Herald.Sinks.ApplicationInsights.csproj" />
    <Project Path="src/Herald.Sinks.AwsCloudWatch/Herald.Sinks.AwsCloudWatch.csproj" />
    <Project Path="src/Herald.Sinks.AzureBlobStorage/Herald.Sinks.AzureBlobStorage.csproj" />
    <Project Path="src/Herald.Sinks.AzureCosmosDB/Herald.Sinks.AzureCosmosDB.csproj" />
    <Project Path="src/Herald.Sinks.AzureEventHub/Herald.Sinks.AzureEventHub.csproj" />
    <Project Path="src/Herald.Sinks.AzureLogAnalyticsDcr/Herald.Sinks.AzureLogAnalyticsDcr.csproj" />
    <Project Path="src/Herald.Sinks.AzureServiceBus/Herald.Sinks.AzureServiceBus.csproj" />
    <Project Path="src/Herald.Sinks.AzureTableStorage/Herald.Sinks.AzureTableStorage.csproj" />
    <Project Path="src/Herald.Sinks.Cassandra/Herald.Sinks.Cassandra.csproj" />
    <Project Path="src/Herald.Sinks.ClickHouse/Herald.Sinks.ClickHouse.csproj" />
    <Project Path="src/Herald.Sinks.Couchbase/Herald.Sinks.Couchbase.csproj" />
    <Project Path="src/Herald.Sinks.Datadog/Herald.Sinks.Datadog.csproj" />
    <Project Path="src/Herald.Sinks.Debug/Herald.Sinks.Debug.csproj" />
    <Project Path="src/Herald.Sinks.DynamoDB/Herald.Sinks.DynamoDB.csproj" />
    <Project Path="src/Herald.Sinks.Dynatrace/Herald.Sinks.Dynatrace.csproj" />
    <Project Path="src/Herald.Sinks.Elasticsearch/Herald.Sinks.Elasticsearch.csproj" />
    <Project Path="src/Herald.Sinks.ElmahIo/Herald.Sinks.ElmahIo.csproj" />
    <Project Path="src/Herald.Sinks.Email/Herald.Sinks.Email.csproj" />
    <Project Path="src/Herald.Sinks.EventLog/Herald.Sinks.EventLog.csproj" />
    <Project Path="src/Herald.Sinks.Exceptionless/Herald.Sinks.Exceptionless.csproj" />
    <Project Path="src/Herald.Sinks.GenericWebhook/Herald.Sinks.GenericWebhook.csproj" />
    <Project Path="src/Herald.Sinks.GoogleCloudLogging/Herald.Sinks.GoogleCloudLogging.csproj" />
    <Project Path="src/Herald.Sinks.GoogleCloudPubSub/Herald.Sinks.GoogleCloudPubSub.csproj" />
    <Project Path="src/Herald.Sinks.Graylog/Herald.Sinks.Graylog.csproj" />
    <Project Path="src/Herald.Sinks.Honeycomb/Herald.Sinks.Honeycomb.csproj" />
    <Project Path="src/Herald.Sinks.HttpJson/Herald.Sinks.HttpJson.csproj" />
    <Project Path="src/Herald.Sinks.InMemory/Herald.Sinks.InMemory.csproj" />
    <Project Path="src/Herald.Sinks.Kafka/Herald.Sinks.Kafka.csproj" />
    <Project Path="src/Herald.Sinks.Kinesis/Herald.Sinks.Kinesis.csproj" />
    <Project Path="src/Herald.Sinks.Loggly/Herald.Sinks.Loggly.csproj" />
    <Project Path="src/Herald.Sinks.LogzIo/Herald.Sinks.LogzIo.csproj" />
    <Project Path="src/Herald.Sinks.Loki/Herald.Sinks.Loki.csproj" />
    <Project Path="src/Herald.Sinks.MSSqlServer/Herald.Sinks.MSSqlServer.csproj" />
    <Project Path="src/Herald.Sinks.MicrosoftTeams/Herald.Sinks.MicrosoftTeams.csproj" />
    <Project Path="src/Herald.Sinks.MongoDB/Herald.Sinks.MongoDB.csproj" />
    <Project Path="src/Herald.Sinks.MySQL/Herald.Sinks.MySQL.csproj" />
    <Project Path="src/Herald.Sinks.NewRelicLogs/Herald.Sinks.NewRelicLogs.csproj" />
    <Project Path="src/Herald.Sinks.OpenSearch/Herald.Sinks.OpenSearch.csproj" />
    <Project Path="src/Herald.Sinks.Otlp/Herald.Sinks.Otlp.csproj" />
    <Project Path="src/Herald.Sinks.PagerDuty/Herald.Sinks.PagerDuty.csproj" />
    <Project Path="src/Herald.Sinks.PostgreSQL/Herald.Sinks.PostgreSQL.csproj" />
    <Project Path="src/Herald.Sinks.RabbitMQ/Herald.Sinks.RabbitMQ.csproj" />
    <Project Path="src/Herald.Sinks.RavenDB/Herald.Sinks.RavenDB.csproj" />
    <Project Path="src/Herald.Sinks.Raygun/Herald.Sinks.Raygun.csproj" />
    <Project Path="src/Herald.Sinks.Redis/Herald.Sinks.Redis.csproj" />
    <Project Path="src/Herald.Sinks.RedisList/Herald.Sinks.RedisList.csproj" />
    <Project Path="src/Herald.Sinks.SQLite/Herald.Sinks.SQLite.csproj" />
    <Project Path="src/Herald.Sinks.Sentry/Herald.Sinks.Sentry.csproj" />
    <Project Path="src/Herald.Sinks.Seq/Herald.Sinks.Seq.csproj" />
    <Project Path="src/Herald.Sinks.SignalFx/Herald.Sinks.SignalFx.csproj" />
    <Project Path="src/Herald.Sinks.Slack/Herald.Sinks.Slack.csproj" />
    <Project Path="src/Herald.Sinks.Splunk/Herald.Sinks.Splunk.csproj" />
    <Project Path="src/Herald.Sinks.Sqs/Herald.Sinks.Sqs.csproj" />
    <Project Path="src/Herald.Sinks.Stackify/Herald.Sinks.Stackify.csproj" />
    <Project Path="src/Herald.Sinks.SumoLogic/Herald.Sinks.SumoLogic.csproj" />
    <Project Path="src/Herald.Sinks.Syslog/Herald.Sinks.Syslog.csproj" />
    <Project Path="src/Herald.Sinks.TcpJsonLine/Herald.Sinks.TcpJsonLine.csproj" />
    <Project Path="src/Herald.Sinks.TextWriter/Herald.Sinks.TextWriter.csproj" />
    <Project Path="src/Herald.Sinks.Trace/Herald.Sinks.Trace.csproj" />
    <Project Path="src/Herald.Sinks.UdpJsonLine/Herald.Sinks.UdpJsonLine.csproj" />
    <Project Path="src/Herald.Sinks.XUnit/Herald.Sinks.XUnit.csproj" />
    <Project Path="src/Herald.Sinks.ZeroMQ/Herald.Sinks.ZeroMQ.csproj" />
  </Folder>
  <Folder Name="/meta/">
    <Project Path="meta/Herald.Business/Herald.Business.csproj" />
    <Project Path="meta/Herald.Game.Pro/Herald.Game.Pro.csproj" />
  </Folder>
  <Folder Name="/tests/">
    <Project Path="tests/Herald.Sinks.Aliyun.Tests/Herald.Sinks.Aliyun.Tests.csproj" />
    <Project Path="tests/Herald.Sinks.AmazonS3.Tests/Herald.Sinks.AmazonS3.Tests.csproj" />
    <Project Path="tests/Herald.Sinks.ApplicationInsights.Tests/Herald.Sinks.ApplicationInsights.Tests.csproj" />
    <Project Path="tests/Herald.Sinks.AwsCloudWatch.Tests/Herald.Sinks.AwsCloudWatch.Tests.csproj" />
    <Project Path="tests/Herald.Sinks.AzureBlobStorage.Tests/Herald.Sinks.AzureBlobStorage.Tests.csproj" />
    <Project Path="tests/Herald.Sinks.AzureCosmosDB.Tests/Herald.Sinks.AzureCosmosDB.Tests.csproj" />
    <Project Path="tests/Herald.Sinks.AzureEventHub.Tests/Herald.Sinks.AzureEventHub.Tests.csproj" />
    <Project Path="tests/Herald.Sinks.AzureLogAnalyticsDcr.Tests/Herald.Sinks.AzureLogAnalyticsDcr.Tests.csproj" />
    <Project Path="tests/Herald.Sinks.AzureServiceBus.Tests/Herald.Sinks.AzureServiceBus.Tests.csproj" />
    <Project Path="tests/Herald.Sinks.AzureTableStorage.Tests/Herald.Sinks.AzureTableStorage.Tests.csproj" />
    <Project Path="tests/Herald.Sinks.Cassandra.Tests/Herald.Sinks.Cassandra.Tests.csproj" />
    <Project Path="tests/Herald.Sinks.ClickHouse.Tests/Herald.Sinks.ClickHouse.Tests.csproj" />
    <Project Path="tests/Herald.Sinks.Couchbase.Tests/Herald.Sinks.Couchbase.Tests.csproj" />
    <Project Path="tests/Herald.Sinks.Datadog.Tests/Herald.Sinks.Datadog.Tests.csproj" />
    <Project Path="tests/Herald.Sinks.Debug.Tests/Herald.Sinks.Debug.Tests.csproj" />
    <Project Path="tests/Herald.Sinks.DynamoDB.Tests/Herald.Sinks.DynamoDB.Tests.csproj" />
    <Project Path="tests/Herald.Sinks.Dynatrace.Tests/Herald.Sinks.Dynatrace.Tests.csproj" />
    <Project Path="tests/Herald.Sinks.Elasticsearch.Tests/Herald.Sinks.Elasticsearch.Tests.csproj" />
    <Project Path="tests/Herald.Sinks.ElmahIo.Tests/Herald.Sinks.ElmahIo.Tests.csproj" />
    <Project Path="tests/Herald.Sinks.Email.Tests/Herald.Sinks.Email.Tests.csproj" />
    <Project Path="tests/Herald.Sinks.EventLog.Tests/Herald.Sinks.EventLog.Tests.csproj" />
    <Project Path="tests/Herald.Sinks.Exceptionless.Tests/Herald.Sinks.Exceptionless.Tests.csproj" />
    <Project Path="tests/Herald.Sinks.GenericWebhook.Tests/Herald.Sinks.GenericWebhook.Tests.csproj" />
    <Project Path="tests/Herald.Sinks.GoogleCloudLogging.Tests/Herald.Sinks.GoogleCloudLogging.Tests.csproj" />
    <Project Path="tests/Herald.Sinks.GoogleCloudPubSub.Tests/Herald.Sinks.GoogleCloudPubSub.Tests.csproj" />
    <Project Path="tests/Herald.Sinks.Graylog.Tests/Herald.Sinks.Graylog.Tests.csproj" />
    <Project Path="tests/Herald.Sinks.Honeycomb.Tests/Herald.Sinks.Honeycomb.Tests.csproj" />
    <Project Path="tests/Herald.Sinks.HttpJson.Tests/Herald.Sinks.HttpJson.Tests.csproj" />
    <Project Path="tests/Herald.Sinks.InMemory.Tests/Herald.Sinks.InMemory.Tests.csproj" />
    <Project Path="tests/Herald.Sinks.Kafka.Tests/Herald.Sinks.Kafka.Tests.csproj" />
    <Project Path="tests/Herald.Sinks.Kinesis.Tests/Herald.Sinks.Kinesis.Tests.csproj" />
    <Project Path="tests/Herald.Sinks.Loggly.Tests/Herald.Sinks.Loggly.Tests.csproj" />
    <Project Path="tests/Herald.Sinks.LogzIo.Tests/Herald.Sinks.LogzIo.Tests.csproj" />
    <Project Path="tests/Herald.Sinks.Loki.Tests/Herald.Sinks.Loki.Tests.csproj" />
    <Project Path="tests/Herald.Sinks.MSSqlServer.Tests/Herald.Sinks.MSSqlServer.Tests.csproj" />
    <Project Path="tests/Herald.Sinks.MicrosoftTeams.Tests/Herald.Sinks.MicrosoftTeams.Tests.csproj" />
    <Project Path="tests/Herald.Sinks.MongoDB.Tests/Herald.Sinks.MongoDB.Tests.csproj" />
    <Project Path="tests/Herald.Sinks.MySQL.Tests/Herald.Sinks.MySQL.Tests.csproj" />
    <Project Path="tests/Herald.Sinks.NewRelicLogs.Tests/Herald.Sinks.NewRelicLogs.Tests.csproj" />
    <Project Path="tests/Herald.Sinks.OpenSearch.Tests/Herald.Sinks.OpenSearch.Tests.csproj" />
    <Project Path="tests/Herald.Sinks.Otlp.Tests/Herald.Sinks.Otlp.Tests.csproj" />
    <Project Path="tests/Herald.Sinks.PagerDuty.Tests/Herald.Sinks.PagerDuty.Tests.csproj" />
    <Project Path="tests/Herald.Sinks.PostgreSQL.Tests/Herald.Sinks.PostgreSQL.Tests.csproj" />
    <Project Path="tests/Herald.Sinks.RabbitMQ.Tests/Herald.Sinks.RabbitMQ.Tests.csproj" />
    <Project Path="tests/Herald.Sinks.RavenDB.Tests/Herald.Sinks.RavenDB.Tests.csproj" />
    <Project Path="tests/Herald.Sinks.Raygun.Tests/Herald.Sinks.Raygun.Tests.csproj" />
    <Project Path="tests/Herald.Sinks.Redis.Tests/Herald.Sinks.Redis.Tests.csproj" />
    <Project Path="tests/Herald.Sinks.RedisList.Tests/Herald.Sinks.RedisList.Tests.csproj" />
    <Project Path="tests/Herald.Sinks.SQLite.Tests/Herald.Sinks.SQLite.Tests.csproj" />
    <Project Path="tests/Herald.Sinks.Sentry.Tests/Herald.Sinks.Sentry.Tests.csproj" />
    <Project Path="tests/Herald.Sinks.Seq.Tests/Herald.Sinks.Seq.Tests.csproj" />
    <Project Path="tests/Herald.Sinks.SignalFx.Tests/Herald.Sinks.SignalFx.Tests.csproj" />
    <Project Path="tests/Herald.Sinks.Slack.Tests/Herald.Sinks.Slack.Tests.csproj" />
    <Project Path="tests/Herald.Sinks.Splunk.Tests/Herald.Sinks.Splunk.Tests.csproj" />
    <Project Path="tests/Herald.Sinks.Sqs.Tests/Herald.Sinks.Sqs.Tests.csproj" />
    <Project Path="tests/Herald.Sinks.Stackify.Tests/Herald.Sinks.Stackify.Tests.csproj" />
    <Project Path="tests/Herald.Sinks.SumoLogic.Tests/Herald.Sinks.SumoLogic.Tests.csproj" />
    <Project Path="tests/Herald.Sinks.Syslog.Tests/Herald.Sinks.Syslog.Tests.csproj" />
    <Project Path="tests/Herald.Sinks.TcpJsonLine.Tests/Herald.Sinks.TcpJsonLine.Tests.csproj" />
    <Project Path="tests/Herald.Sinks.TextWriter.Tests/Herald.Sinks.TextWriter.Tests.csproj" />
    <Project Path="tests/Herald.Sinks.Trace.Tests/Herald.Sinks.Trace.Tests.csproj" />
    <Project Path="tests/Herald.Sinks.UdpJsonLine.Tests/Herald.Sinks.UdpJsonLine.Tests.csproj" />
    <Project Path="tests/Herald.Sinks.XUnit.Tests/Herald.Sinks.XUnit.Tests.csproj" />
    <Project Path="tests/Herald.Sinks.ZeroMQ.Tests/Herald.Sinks.ZeroMQ.Tests.csproj" />
  </Folder>
</Solution>
